{
  "nodes": {
    "nix-netboot-serve": {
      "inputs": {
        "nixpkgs": "nixpkgs"
      },
      "locked": {
        "lastModified": 1654510888,
        "narHash": "sha256-7tx0meFd6GvvTn2501VkdT9vDMJIuWKO7NNvPpKL5gw=",
        "owner": "DeterminateSystems",
        "repo": "nix-netboot-serve",
        "rev": "8b5cdb818fd3f4f050e4a849a1b20cdc93a3847e",
        "type": "github"
      },
      "original": {
        "owner": "DeterminateSystems",
        "ref": "standard-modules",
        "repo": "nix-netboot-serve",
        "type": "github"
      }
    },
    "nixpkgs": {
      "locked": {
        "lastModified": 1638806821,
        "narHash": "sha256-v2qd2Bsmzft53s43eCbN+4ocrLksRdFLyF/MAGuWuDA=",
        "owner": "nixos",
        "repo": "nixpkgs",
        "rev": "bc5d68306b40b8522ffb69ba6cff91898c2fbbff",
        "type": "github"
      },
      "original": {
        "owner": "nixos",
        "ref": "nixos-unstable",
        "repo": "nixpkgs",
        "type": "github"
      }
    },
    "nixpkgs_2": {
      "locked": {
        "lastModified": 1654414801,
        "narHash": "sha256-HSzC2kS7zRYfd4qw/IICrcP46jZFdWGgSSR7DtlgOiI=",
        "owner": "nixos",
        "repo": "nixpkgs",
        "rev": "34a7b3142e34796133fcb3f9c857d7b17982fdaa",
        "type": "github"
      },
      "original": {
        "owner": "nixos",
        "ref": "nixos-unstable-small",
        "repo": "nixpkgs",
        "type": "github"
      }
    },
    "root": {
      "inputs": {
        "nix-netboot-serve": "nix-netboot-serve",
        "nixpkgs": "nixpkgs_2"
      }
    }
  },
  "root": "root",
  "version": 7
}
